// !$*UTF8*$!
{
	archiveVersion = 1;
	classes = {
	};
	objectVersion = 56;
	objects = {

/* Begin PBXBuildFile section */
		FD15FE022B1A0EA400D8C259 /* EditUserView.swift in Sources */ = {isa = PBXBuildFile; fileRef = FD15FE012B1A0EA400D8C259 /* EditUserView.swift */; };
		FD2169642AEBED2300FC613B /* MenuView.swift in Sources */ = {isa = PBXBuildFile; fileRef = FD2169632AEBED2300FC613B /* MenuView.swift */; };
		FD26BD272B29F9460003C5FC /* MedicationHistoryEntry.swift in Sources */ = {isa = PBXBuildFile; fileRef = FD26BD262B29F9460003C5FC /* MedicationHistoryEntry.swift */; };
		FD279C0D2AF2AD6A00B23AC4 /* SideMenu.swift in Sources */ = {isa = PBXBuildFile; fileRef = FD279C0C2AF2AD6A00B23AC4 /* SideMenu.swift */; };
		FD279C0F2AF2B16A00B23AC4 /* MiniProfileView.swift in Sources */ = {isa = PBXBuildFile; fileRef = FD279C0E2AF2B16A00B23AC4 /* MiniProfileView.swift */; };
		FD279C122AF2B21C00B23AC4 /* MenuContent.swift in Sources */ = {isa = PBXBuildFile; fileRef = FD279C112AF2B21C00B23AC4 /* MenuContent.swift */; };
		FD32FF252AF0184B00680755 /* MainView.swift in Sources */ = {isa = PBXBuildFile; fileRef = FD32FF242AF0184B00680755 /* MainView.swift */; };
		FD570F252B38CFE70079BDCB /* SettingsView.swift in Sources */ = {isa = PBXBuildFile; fileRef = FD570F242B38CFE70079BDCB /* SettingsView.swift */; };
		FD60F5F32B1BA06A009B6F34 /* AddMedicineView.swift in Sources */ = {isa = PBXBuildFile; fileRef = FD60F5F22B1BA06A009B6F34 /* AddMedicineView.swift */; };
		FD6EC0D82B2DD0B8003D4B1D /* MediTrackerTests.swift in Sources */ = {isa = PBXBuildFile; fileRef = FD6EC0D72B2DD0B8003D4B1D /* MediTrackerTests.swift */; };
		FD6EC0E22B2DD385003D4B1D /* MedDetailsView.swift in Sources */ = {isa = PBXBuildFile; fileRef = FD6EC0E12B2DD385003D4B1D /* MedDetailsView.swift */; };
		FD7725512AE83B10009D91FB /* RegisterView.swift in Sources */ = {isa = PBXBuildFile; fileRef = FD7725502AE83B10009D91FB /* RegisterView.swift */; };
		FD7725542AE83CA2009D91FB /* Constants.swift in Sources */ = {isa = PBXBuildFile; fileRef = FD7725532AE83CA2009D91FB /* Constants.swift */; };
		FD7EC30F2AFFFFD6008F40AF /* ContentView.swift in Sources */ = {isa = PBXBuildFile; fileRef = FD7EC30E2AFFFFD6008F40AF /* ContentView.swift */; };
		FD7EC3112B000C2D008F40AF /* Settings.swift in Sources */ = {isa = PBXBuildFile; fileRef = FD7EC3102B000C2D008F40AF /* Settings.swift */; };
		FD7EC3132B000CED008F40AF /* ActiveMeds.swift in Sources */ = {isa = PBXBuildFile; fileRef = FD7EC3122B000CED008F40AF /* ActiveMeds.swift */; };
		FD7EC3162B000EC9008F40AF /* EditMedicine.swift in Sources */ = {isa = PBXBuildFile; fileRef = FD7EC3152B000EC9008F40AF /* EditMedicine.swift */; };
		FD8308832AFFEFD700939175 /* User.swift in Sources */ = {isa = PBXBuildFile; fileRef = FD8308822AFFEFD700939175 /* User.swift */; };
		FD830ED42AE6D57300E3D2FC /* MediTrackerApp.swift in Sources */ = {isa = PBXBuildFile; fileRef = FD830ED32AE6D57300E3D2FC /* MediTrackerApp.swift */; };
		FD830ED62AE6D57300E3D2FC /* WelcomeView.swift in Sources */ = {isa = PBXBuildFile; fileRef = FD830ED52AE6D57300E3D2FC /* WelcomeView.swift */; };
		FD830ED82AE6D57400E3D2FC /* Assets.xcassets in Resources */ = {isa = PBXBuildFile; fileRef = FD830ED72AE6D57400E3D2FC /* Assets.xcassets */; };
		FD830EDB2AE6D57400E3D2FC /* Preview Assets.xcassets in Resources */ = {isa = PBXBuildFile; fileRef = FD830EDA2AE6D57400E3D2FC /* Preview Assets.xcassets */; };
		FD873FB82B14F1AD00F39B43 /* ProfileManager.swift in Sources */ = {isa = PBXBuildFile; fileRef = FD873FB72B14F1AD00F39B43 /* ProfileManager.swift */; };
		FD873FBA2B14F20900F39B43 /* Controller.swift in Sources */ = {isa = PBXBuildFile; fileRef = FD873FB92B14F20900F39B43 /* Controller.swift */; };
		FDA248EB2B138D7E0044C883 /* UserManagerKey.swift in Sources */ = {isa = PBXBuildFile; fileRef = FDA248EA2B138D7E0044C883 /* UserManagerKey.swift */; };
		FDAA6D112B1CA7B20075D00E /* MedicationHistory.swift in Sources */ = {isa = PBXBuildFile; fileRef = FDAA6D102B1CA7B20075D00E /* MedicationHistory.swift */; };
		FDB12BD22B18E72D00AAEAD7 /* AddProfileView.swift in Sources */ = {isa = PBXBuildFile; fileRef = FDB12BD12B18E72D00AAEAD7 /* AddProfileView.swift */; };
		FDCA6CBE2AFD53A000575E05 /* EditProfileView.swift in Sources */ = {isa = PBXBuildFile; fileRef = FDCA6CBD2AFD53A000575E05 /* EditProfileView.swift */; };
		FDCA6CC02AFD5AE400575E05 /* EditLoginData.swift in Sources */ = {isa = PBXBuildFile; fileRef = FDCA6CBF2AFD5AE400575E05 /* EditLoginData.swift */; };
		FDDB58D22B07808B003A7767 /* GoogleService-Info.plist in Resources */ = {isa = PBXBuildFile; fileRef = FDDB58D12B07808B003A7767 /* GoogleService-Info.plist */; };
		FDDB59162B078BD5003A7767 /* FirebaseAuth in Frameworks */ = {isa = PBXBuildFile; productRef = FDDB59152B078BD5003A7767 /* FirebaseAuth */; };
		FDDB59182B078BD5003A7767 /* FirebaseAuthCombine-Community in Frameworks */ = {isa = PBXBuildFile; productRef = FDDB59172B078BD5003A7767 /* FirebaseAuthCombine-Community */; };
		FDDB591A2B078BD5003A7767 /* FirebaseDatabase in Frameworks */ = {isa = PBXBuildFile; productRef = FDDB59192B078BD5003A7767 /* FirebaseDatabase */; };
		FDDB591C2B078BD5003A7767 /* FirebaseDatabaseSwift in Frameworks */ = {isa = PBXBuildFile; productRef = FDDB591B2B078BD5003A7767 /* FirebaseDatabaseSwift */; };
		FDDB591E2B078BD5003A7767 /* FirebaseDynamicLinks in Frameworks */ = {isa = PBXBuildFile; productRef = FDDB591D2B078BD5003A7767 /* FirebaseDynamicLinks */; };
		FDDB59202B078BD5003A7767 /* FirebaseFirestore in Frameworks */ = {isa = PBXBuildFile; productRef = FDDB591F2B078BD5003A7767 /* FirebaseFirestore */; };
		FDDB59222B078BD5003A7767 /* FirebaseFirestoreCombine-Community in Frameworks */ = {isa = PBXBuildFile; productRef = FDDB59212B078BD5003A7767 /* FirebaseFirestoreCombine-Community */; };
		FDDB59242B078BD5003A7767 /* FirebaseFirestoreSwift in Frameworks */ = {isa = PBXBuildFile; productRef = FDDB59232B078BD5003A7767 /* FirebaseFirestoreSwift */; };
		FDDB59262B078BD5003A7767 /* FirebaseFunctions in Frameworks */ = {isa = PBXBuildFile; productRef = FDDB59252B078BD5003A7767 /* FirebaseFunctions */; };
		FDDB59282B078BD5003A7767 /* FirebaseFunctionsCombine-Community in Frameworks */ = {isa = PBXBuildFile; productRef = FDDB59272B078BD5003A7767 /* FirebaseFunctionsCombine-Community */; };
		FDDB592A2B078BD5003A7767 /* FirebaseInAppMessaging-Beta in Frameworks */ = {isa = PBXBuildFile; productRef = FDDB59292B078BD5003A7767 /* FirebaseInAppMessaging-Beta */; };
		FDDB592C2B078BD5003A7767 /* FirebaseInAppMessagingSwift-Beta in Frameworks */ = {isa = PBXBuildFile; productRef = FDDB592B2B078BD5003A7767 /* FirebaseInAppMessagingSwift-Beta */; };
		FDDB592E2B078BD5003A7767 /* FirebaseInstallations in Frameworks */ = {isa = PBXBuildFile; productRef = FDDB592D2B078BD5003A7767 /* FirebaseInstallations */; };
		FDDB59302B078BD5003A7767 /* FirebaseMLModelDownloader in Frameworks */ = {isa = PBXBuildFile; productRef = FDDB592F2B078BD5003A7767 /* FirebaseMLModelDownloader */; };
		FDDB59322B078BD5003A7767 /* FirebaseMessaging in Frameworks */ = {isa = PBXBuildFile; productRef = FDDB59312B078BD5003A7767 /* FirebaseMessaging */; };
		FDDB59342B078BD5003A7767 /* FirebasePerformance in Frameworks */ = {isa = PBXBuildFile; productRef = FDDB59332B078BD5003A7767 /* FirebasePerformance */; };
		FDDB59362B078BD5003A7767 /* FirebaseRemoteConfig in Frameworks */ = {isa = PBXBuildFile; productRef = FDDB59352B078BD5003A7767 /* FirebaseRemoteConfig */; };
		FDDB59382B078BD5003A7767 /* FirebaseRemoteConfigSwift in Frameworks */ = {isa = PBXBuildFile; productRef = FDDB59372B078BD5003A7767 /* FirebaseRemoteConfigSwift */; };
		FDDB593A2B078BD5003A7767 /* FirebaseStorage in Frameworks */ = {isa = PBXBuildFile; productRef = FDDB59392B078BD5003A7767 /* FirebaseStorage */; };
		FDDB593C2B078BD5003A7767 /* FirebaseStorageCombine-Community in Frameworks */ = {isa = PBXBuildFile; productRef = FDDB593B2B078BD5003A7767 /* FirebaseStorageCombine-Community */; };
		FDE107C12AF7E8B700DD234B /* ProfileList.swift in Sources */ = {isa = PBXBuildFile; fileRef = FDE107C02AF7E8B700DD234B /* ProfileList.swift */; };
		FDE107C32AF7EA5200DD234B /* Profile.swift in Sources */ = {isa = PBXBuildFile; fileRef = FDE107C22AF7EA5200DD234B /* Profile.swift */; };
		FDE107C52AF7F0F800DD234B /* Medicine.swift in Sources */ = {isa = PBXBuildFile; fileRef = FDE107C42AF7F0F800DD234B /* Medicine.swift */; };
		FDE107C92AF7F1D700DD234B /* MedicationList.swift in Sources */ = {isa = PBXBuildFile; fileRef = FDE107C82AF7F1D700DD234B /* MedicationList.swift */; };
		FDE107CB2AF7F2BB00DD234B /* Medication.swift in Sources */ = {isa = PBXBuildFile; fileRef = FDE107CA2AF7F2BB00DD234B /* Medication.swift */; };
		FDF2548A2B09005D00ADDAB4 /* LoginView.swift in Sources */ = {isa = PBXBuildFile; fileRef = FDF254892B09005D00ADDAB4 /* LoginView.swift */; };
		FDF2548D2B092C3600ADDAB4 /* UserManager.swift in Sources */ = {isa = PBXBuildFile; fileRef = FDF2548C2B092C3600ADDAB4 /* UserManager.swift */; };
/* End PBXBuildFile section */

/* Begin PBXContainerItemProxy section */
		FD6EC0D92B2DD0B8003D4B1D /* PBXContainerItemProxy */ = {
			isa = PBXContainerItemProxy;
			containerPortal = FD830EC82AE6D57300E3D2FC /* Project object */;
			proxyType = 1;
			remoteGlobalIDString = FD830ECF2AE6D57300E3D2FC;
			remoteInfo = MediTracker;
		};
/* End PBXContainerItemProxy section */

/* Begin PBXFileReference section */
		FD15FE012B1A0EA400D8C259 /* EditUserView.swift */ = {isa = PBXFileReference; lastKnownFileType = sourcecode.swift; path = EditUserView.swift; sourceTree = "<group>"; };
		FD2169632AEBED2300FC613B /* MenuView.swift */ = {isa = PBXFileReference; lastKnownFileType = sourcecode.swift; path = MenuView.swift; sourceTree = "<group>"; };
		FD26BD262B29F9460003C5FC /* MedicationHistoryEntry.swift */ = {isa = PBXFileReference; lastKnownFileType = sourcecode.swift; path = MedicationHistoryEntry.swift; sourceTree = "<group>"; };
		FD279C0C2AF2AD6A00B23AC4 /* SideMenu.swift */ = {isa = PBXFileReference; lastKnownFileType = sourcecode.swift; path = SideMenu.swift; sourceTree = "<group>"; };
		FD279C0E2AF2B16A00B23AC4 /* MiniProfileView.swift */ = {isa = PBXFileReference; lastKnownFileType = sourcecode.swift; path = MiniProfileView.swift; sourceTree = "<group>"; };
		FD279C112AF2B21C00B23AC4 /* MenuContent.swift */ = {isa = PBXFileReference; lastKnownFileType = sourcecode.swift; path = MenuContent.swift; sourceTree = "<group>"; };
		FD32FF242AF0184B00680755 /* MainView.swift */ = {isa = PBXFileReference; lastKnownFileType = sourcecode.swift; path = MainView.swift; sourceTree = "<group>"; };
		FD570F242B38CFE70079BDCB /* SettingsView.swift */ = {isa = PBXFileReference; lastKnownFileType = sourcecode.swift; path = SettingsView.swift; sourceTree = "<group>"; };
		FD60F5F22B1BA06A009B6F34 /* AddMedicineView.swift */ = {isa = PBXFileReference; lastKnownFileType = sourcecode.swift; path = AddMedicineView.swift; sourceTree = "<group>"; };
		FD6EC0D52B2DD0B8003D4B1D /* MediTrackerTests.xctest */ = {isa = PBXFileReference; explicitFileType = wrapper.cfbundle; includeInIndex = 0; path = MediTrackerTests.xctest; sourceTree = BUILT_PRODUCTS_DIR; };
		FD6EC0D72B2DD0B8003D4B1D /* MediTrackerTests.swift */ = {isa = PBXFileReference; lastKnownFileType = sourcecode.swift; path = MediTrackerTests.swift; sourceTree = "<group>"; };
		FD6EC0E12B2DD385003D4B1D /* MedDetailsView.swift */ = {isa = PBXFileReference; lastKnownFileType = sourcecode.swift; path = MedDetailsView.swift; sourceTree = "<group>"; };
		FD7725502AE83B10009D91FB /* RegisterView.swift */ = {isa = PBXFileReference; lastKnownFileType = sourcecode.swift; path = RegisterView.swift; sourceTree = "<group>"; };
		FD7725532AE83CA2009D91FB /* Constants.swift */ = {isa = PBXFileReference; lastKnownFileType = sourcecode.swift; path = Constants.swift; sourceTree = "<group>"; };
		FD7EC30E2AFFFFD6008F40AF /* ContentView.swift */ = {isa = PBXFileReference; lastKnownFileType = sourcecode.swift; path = ContentView.swift; sourceTree = "<group>"; };
		FD7EC3102B000C2D008F40AF /* Settings.swift */ = {isa = PBXFileReference; lastKnownFileType = sourcecode.swift; path = Settings.swift; sourceTree = "<group>"; };
		FD7EC3122B000CED008F40AF /* ActiveMeds.swift */ = {isa = PBXFileReference; lastKnownFileType = sourcecode.swift; path = ActiveMeds.swift; sourceTree = "<group>"; };
		FD7EC3152B000EC9008F40AF /* EditMedicine.swift */ = {isa = PBXFileReference; lastKnownFileType = sourcecode.swift; path = EditMedicine.swift; sourceTree = "<group>"; };
		FD8308822AFFEFD700939175 /* User.swift */ = {isa = PBXFileReference; lastKnownFileType = sourcecode.swift; path = User.swift; sourceTree = "<group>"; };
		FD830ED02AE6D57300E3D2FC /* MediTracker.app */ = {isa = PBXFileReference; explicitFileType = wrapper.application; includeInIndex = 0; path = MediTracker.app; sourceTree = BUILT_PRODUCTS_DIR; };
		FD830ED32AE6D57300E3D2FC /* MediTrackerApp.swift */ = {isa = PBXFileReference; lastKnownFileType = sourcecode.swift; path = MediTrackerApp.swift; sourceTree = "<group>"; };
		FD830ED52AE6D57300E3D2FC /* WelcomeView.swift */ = {isa = PBXFileReference; lastKnownFileType = sourcecode.swift; path = WelcomeView.swift; sourceTree = "<group>"; };
		FD830ED72AE6D57400E3D2FC /* Assets.xcassets */ = {isa = PBXFileReference; lastKnownFileType = folder.assetcatalog; path = Assets.xcassets; sourceTree = "<group>"; };
		FD830EDA2AE6D57400E3D2FC /* Preview Assets.xcassets */ = {isa = PBXFileReference; lastKnownFileType = folder.assetcatalog; path = "Preview Assets.xcassets"; sourceTree = "<group>"; };
		FD873FB72B14F1AD00F39B43 /* ProfileManager.swift */ = {isa = PBXFileReference; lastKnownFileType = sourcecode.swift; path = ProfileManager.swift; sourceTree = "<group>"; };
		FD873FB92B14F20900F39B43 /* Controller.swift */ = {isa = PBXFileReference; lastKnownFileType = sourcecode.swift; path = Controller.swift; sourceTree = "<group>"; };
		FDA248EA2B138D7E0044C883 /* UserManagerKey.swift */ = {isa = PBXFileReference; lastKnownFileType = sourcecode.swift; path = UserManagerKey.swift; sourceTree = "<group>"; };
		FDAA6D102B1CA7B20075D00E /* MedicationHistory.swift */ = {isa = PBXFileReference; lastKnownFileType = sourcecode.swift; path = MedicationHistory.swift; sourceTree = "<group>"; };
		FDB12BD12B18E72D00AAEAD7 /* AddProfileView.swift */ = {isa = PBXFileReference; lastKnownFileType = sourcecode.swift; path = AddProfileView.swift; sourceTree = "<group>"; };
		FDCA6CBD2AFD53A000575E05 /* EditProfileView.swift */ = {isa = PBXFileReference; lastKnownFileType = sourcecode.swift; path = EditProfileView.swift; sourceTree = "<group>"; };
		FDCA6CBF2AFD5AE400575E05 /* EditLoginData.swift */ = {isa = PBXFileReference; lastKnownFileType = sourcecode.swift; path = EditLoginData.swift; sourceTree = "<group>"; };
		FDDB58D12B07808B003A7767 /* GoogleService-Info.plist */ = {isa = PBXFileReference; fileEncoding = 4; lastKnownFileType = text.plist.xml; path = "GoogleService-Info.plist"; sourceTree = "<group>"; };
		FDE107C02AF7E8B700DD234B /* ProfileList.swift */ = {isa = PBXFileReference; lastKnownFileType = sourcecode.swift; path = ProfileList.swift; sourceTree = "<group>"; };
		FDE107C22AF7EA5200DD234B /* Profile.swift */ = {isa = PBXFileReference; lastKnownFileType = sourcecode.swift; path = Profile.swift; sourceTree = "<group>"; };
		FDE107C42AF7F0F800DD234B /* Medicine.swift */ = {isa = PBXFileReference; lastKnownFileType = sourcecode.swift; path = Medicine.swift; sourceTree = "<group>"; };
		FDE107C82AF7F1D700DD234B /* MedicationList.swift */ = {isa = PBXFileReference; lastKnownFileType = sourcecode.swift; path = MedicationList.swift; sourceTree = "<group>"; };
		FDE107CA2AF7F2BB00DD234B /* Medication.swift */ = {isa = PBXFileReference; lastKnownFileType = sourcecode.swift; path = Medication.swift; sourceTree = "<group>"; };
		FDF254892B09005D00ADDAB4 /* LoginView.swift */ = {isa = PBXFileReference; lastKnownFileType = sourcecode.swift; path = LoginView.swift; sourceTree = "<group>"; };
		FDF2548C2B092C3600ADDAB4 /* UserManager.swift */ = {isa = PBXFileReference; lastKnownFileType = sourcecode.swift; path = UserManager.swift; sourceTree = "<group>"; };
/* End PBXFileReference section */

/* Begin PBXFrameworksBuildPhase section */
		FD6EC0D22B2DD0B8003D4B1D /* Frameworks */ = {
			isa = PBXFrameworksBuildPhase;
			buildActionMask = 2147483647;
			files = (
			);
			runOnlyForDeploymentPostprocessing = 0;
		};
		FD830ECD2AE6D57300E3D2FC /* Frameworks */ = {
			isa = PBXFrameworksBuildPhase;
			buildActionMask = 2147483647;
			files = (
				FDDB591C2B078BD5003A7767 /* FirebaseDatabaseSwift in Frameworks */,
				FDDB591A2B078BD5003A7767 /* FirebaseDatabase in Frameworks */,
				FDDB593C2B078BD5003A7767 /* FirebaseStorageCombine-Community in Frameworks */,
				FDDB592E2B078BD5003A7767 /* FirebaseInstallations in Frameworks */,
				FDDB59382B078BD5003A7767 /* FirebaseRemoteConfigSwift in Frameworks */,
				FDDB59162B078BD5003A7767 /* FirebaseAuth in Frameworks */,
				FDDB59362B078BD5003A7767 /* FirebaseRemoteConfig in Frameworks */,
				FDDB59282B078BD5003A7767 /* FirebaseFunctionsCombine-Community in Frameworks */,
				FDDB59262B078BD5003A7767 /* FirebaseFunctions in Frameworks */,
				FDDB59342B078BD5003A7767 /* FirebasePerformance in Frameworks */,
				FDDB593A2B078BD5003A7767 /* FirebaseStorage in Frameworks */,
				FDDB59182B078BD5003A7767 /* FirebaseAuthCombine-Community in Frameworks */,
				FDDB592A2B078BD5003A7767 /* FirebaseInAppMessaging-Beta in Frameworks */,
				FDDB591E2B078BD5003A7767 /* FirebaseDynamicLinks in Frameworks */,
				FDDB59202B078BD5003A7767 /* FirebaseFirestore in Frameworks */,
				FDDB59222B078BD5003A7767 /* FirebaseFirestoreCombine-Community in Frameworks */,
				FDDB592C2B078BD5003A7767 /* FirebaseInAppMessagingSwift-Beta in Frameworks */,
				FDDB59322B078BD5003A7767 /* FirebaseMessaging in Frameworks */,
				FDDB59242B078BD5003A7767 /* FirebaseFirestoreSwift in Frameworks */,
				FDDB59302B078BD5003A7767 /* FirebaseMLModelDownloader in Frameworks */,
			);
			runOnlyForDeploymentPostprocessing = 0;
		};
/* End PBXFrameworksBuildPhase section */

/* Begin PBXGroup section */
		FD279C102AF2B1EF00B23AC4 /* SideMenuView */ = {
			isa = PBXGroup;
			children = (
				FD279C0C2AF2AD6A00B23AC4 /* SideMenu.swift */,
				FD279C112AF2B21C00B23AC4 /* MenuContent.swift */,
				FDE107C02AF7E8B700DD234B /* ProfileList.swift */,
				FDB12BD12B18E72D00AAEAD7 /* AddProfileView.swift */,
			);
			path = SideMenuView;
			sourceTree = "<group>";
		};
		FD4131492AF1563400CBCCBF /* Data */ = {
			isa = PBXGroup;
			children = (
				FDE107C22AF7EA5200DD234B /* Profile.swift */,
				FDE107C42AF7F0F800DD234B /* Medicine.swift */,
				FD8308822AFFEFD700939175 /* User.swift */,
				FD26BD262B29F9460003C5FC /* MedicationHistoryEntry.swift */,
			);
			path = Data;
			sourceTree = "<group>";
		};
		FD6EC0D62B2DD0B8003D4B1D /* MediTrackerTests */ = {
			isa = PBXGroup;
			children = (
				FD6EC0D72B2DD0B8003D4B1D /* MediTrackerTests.swift */,
			);
			path = MediTrackerTests;
			sourceTree = "<group>";
		};
		FD7725522AE83B16009D91FB /* Views */ = {
			isa = PBXGroup;
			children = (
				FDE107C72AF7F1A800DD234B /* MedicationListView */,
				FD279C102AF2B1EF00B23AC4 /* SideMenuView */,
				FD7EC3062AFFF8A4008F40AF /* Main tabs */,
				FD7EC3072AFFF8C5008F40AF /* Edit Views */,
				FD279C0E2AF2B16A00B23AC4 /* MiniProfileView.swift */,
				FD7EC3142B000E98008F40AF /* ListOfMeds */,
			);
			path = Views;
			sourceTree = "<group>";
		};
		FD7EC3062AFFF8A4008F40AF /* Main tabs */ = {
			isa = PBXGroup;
			children = (
				FD7EC3102B000C2D008F40AF /* Settings.swift */,
			);
			path = "Main tabs";
			sourceTree = "<group>";
		};
		FD7EC3072AFFF8C5008F40AF /* Edit Views */ = {
			isa = PBXGroup;
			children = (
				FDCA6CBF2AFD5AE400575E05 /* EditLoginData.swift */,
				FDCA6CBD2AFD53A000575E05 /* EditProfileView.swift */,
				FD15FE012B1A0EA400D8C259 /* EditUserView.swift */,
			);
			path = "Edit Views";
			sourceTree = "<group>";
		};
		FD7EC30A2AFFFED1008F40AF /* Core */ = {
			isa = PBXGroup;
			children = (
				FDAA6D122B1CAA2F0075D00E /* Managers */,
				FD7EC30D2AFFFFA2008F40AF /* Menu */,
				FD7EC30B2AFFFEDE008F40AF /* Authentication */,
			);
			path = Core;
			sourceTree = "<group>";
		};
		FD7EC30B2AFFFEDE008F40AF /* Authentication */ = {
			isa = PBXGroup;
			children = (
				FDF2548B2B092BD700ADDAB4 /* Controller */,
				FD7EC30C2AFFFEED008F40AF /* View */,
			);
			path = Authentication;
			sourceTree = "<group>";
		};
		FD7EC30C2AFFFEED008F40AF /* View */ = {
			isa = PBXGroup;
			children = (
				FD830ED52AE6D57300E3D2FC /* WelcomeView.swift */,
				FD7725502AE83B10009D91FB /* RegisterView.swift */,
				FDF254892B09005D00ADDAB4 /* LoginView.swift */,
			);
			path = View;
			sourceTree = "<group>";
		};
		FD7EC30D2AFFFFA2008F40AF /* Menu */ = {
			isa = PBXGroup;
			children = (
				FD2169632AEBED2300FC613B /* MenuView.swift */,
				FD7EC30E2AFFFFD6008F40AF /* ContentView.swift */,
				FD570F242B38CFE70079BDCB /* SettingsView.swift */,
			);
			path = Menu;
			sourceTree = "<group>";
		};
		FD7EC3142B000E98008F40AF /* ListOfMeds */ = {
			isa = PBXGroup;
			children = (
				FD7EC3122B000CED008F40AF /* ActiveMeds.swift */,
				FD7EC3152B000EC9008F40AF /* EditMedicine.swift */,
				FD60F5F22B1BA06A009B6F34 /* AddMedicineView.swift */,
				FD6EC0E12B2DD385003D4B1D /* MedDetailsView.swift */,
			);
			path = ListOfMeds;
			sourceTree = "<group>";
		};
		FD830EC72AE6D57300E3D2FC = {
			isa = PBXGroup;
			children = (
				FD830ED22AE6D57300E3D2FC /* MediTracker */,
				FD6EC0D62B2DD0B8003D4B1D /* MediTrackerTests */,
				FD830ED12AE6D57300E3D2FC /* Products */,
			);
			sourceTree = "<group>";
		};
		FD830ED12AE6D57300E3D2FC /* Products */ = {
			isa = PBXGroup;
			children = (
				FD830ED02AE6D57300E3D2FC /* MediTracker.app */,
				FD6EC0D52B2DD0B8003D4B1D /* MediTrackerTests.xctest */,
			);
			name = Products;
			sourceTree = "<group>";
		};
		FD830ED22AE6D57300E3D2FC /* MediTracker */ = {
			isa = PBXGroup;
			children = (
				FD7EC30A2AFFFED1008F40AF /* Core */,
				FD830ED32AE6D57300E3D2FC /* MediTrackerApp.swift */,
				FD830ED72AE6D57400E3D2FC /* Assets.xcassets */,
				FDDB58D12B07808B003A7767 /* GoogleService-Info.plist */,
				FD830ED92AE6D57400E3D2FC /* Preview Content */,
				FD7725522AE83B16009D91FB /* Views */,
				FD4131492AF1563400CBCCBF /* Data */,
				FD7725532AE83CA2009D91FB /* Constants.swift */,
			);
			path = MediTracker;
			sourceTree = "<group>";
		};
		FD830ED92AE6D57400E3D2FC /* Preview Content */ = {
			isa = PBXGroup;
			children = (
				FD830EDA2AE6D57400E3D2FC /* Preview Assets.xcassets */,
			);
			path = "Preview Content";
			sourceTree = "<group>";
		};
		FDAA6D122B1CAA2F0075D00E /* Managers */ = {
			isa = PBXGroup;
			children = (
				FD873FB72B14F1AD00F39B43 /* ProfileManager.swift */,
				FDAA6D102B1CA7B20075D00E /* MedicationHistory.swift */,
			);
			path = Managers;
			sourceTree = "<group>";
		};
		FDE107C72AF7F1A800DD234B /* MedicationListView */ = {
			isa = PBXGroup;
			children = (
				FDE107C82AF7F1D700DD234B /* MedicationList.swift */,
				FD32FF242AF0184B00680755 /* MainView.swift */,
				FDE107CA2AF7F2BB00DD234B /* Medication.swift */,
			);
			path = MedicationListView;
			sourceTree = "<group>";
		};
		FDF2548B2B092BD700ADDAB4 /* Controller */ = {
			isa = PBXGroup;
			children = (
				FDF2548C2B092C3600ADDAB4 /* UserManager.swift */,
				FDA248EA2B138D7E0044C883 /* UserManagerKey.swift */,
				FD873FB92B14F20900F39B43 /* Controller.swift */,
			);
			path = Controller;
			sourceTree = "<group>";
		};
/* End PBXGroup section */

/* Begin PBXNativeTarget section */
		FD6EC0D42B2DD0B8003D4B1D /* MediTrackerTests */ = {
			isa = PBXNativeTarget;
			buildConfigurationList = FD6EC0DD2B2DD0B8003D4B1D /* Build configuration list for PBXNativeTarget "MediTrackerTests" */;
			buildPhases = (
				FD6EC0D12B2DD0B8003D4B1D /* Sources */,
				FD6EC0D22B2DD0B8003D4B1D /* Frameworks */,
				FD6EC0D32B2DD0B8003D4B1D /* Resources */,
			);
			buildRules = (
			);
			dependencies = (
				FD6EC0DA2B2DD0B8003D4B1D /* PBXTargetDependency */,
			);
			name = MediTrackerTests;
			productName = MediTrackerTests;
			productReference = FD6EC0D52B2DD0B8003D4B1D /* MediTrackerTests.xctest */;
			productType = "com.apple.product-type.bundle.unit-test";
		};
		FD830ECF2AE6D57300E3D2FC /* MediTracker */ = {
			isa = PBXNativeTarget;
			buildConfigurationList = FD830EDE2AE6D57400E3D2FC /* Build configuration list for PBXNativeTarget "MediTracker" */;
			buildPhases = (
				FD830ECC2AE6D57300E3D2FC /* Sources */,
				FD830ECD2AE6D57300E3D2FC /* Frameworks */,
				FD830ECE2AE6D57300E3D2FC /* Resources */,
			);
			buildRules = (
			);
			dependencies = (
			);
			name = MediTracker;
			packageProductDependencies = (
				FDDB59152B078BD5003A7767 /* FirebaseAuth */,
				FDDB59172B078BD5003A7767 /* FirebaseAuthCombine-Community */,
				FDDB59192B078BD5003A7767 /* FirebaseDatabase */,
				FDDB591B2B078BD5003A7767 /* FirebaseDatabaseSwift */,
				FDDB591D2B078BD5003A7767 /* FirebaseDynamicLinks */,
				FDDB591F2B078BD5003A7767 /* FirebaseFirestore */,
				FDDB59212B078BD5003A7767 /* FirebaseFirestoreCombine-Community */,
				FDDB59232B078BD5003A7767 /* FirebaseFirestoreSwift */,
				FDDB59252B078BD5003A7767 /* FirebaseFunctions */,
				FDDB59272B078BD5003A7767 /* FirebaseFunctionsCombine-Community */,
				FDDB59292B078BD5003A7767 /* FirebaseInAppMessaging-Beta */,
				FDDB592B2B078BD5003A7767 /* FirebaseInAppMessagingSwift-Beta */,
				FDDB592D2B078BD5003A7767 /* FirebaseInstallations */,
				FDDB592F2B078BD5003A7767 /* FirebaseMLModelDownloader */,
				FDDB59312B078BD5003A7767 /* FirebaseMessaging */,
				FDDB59332B078BD5003A7767 /* FirebasePerformance */,
				FDDB59352B078BD5003A7767 /* FirebaseRemoteConfig */,
				FDDB59372B078BD5003A7767 /* FirebaseRemoteConfigSwift */,
				FDDB59392B078BD5003A7767 /* FirebaseStorage */,
				FDDB593B2B078BD5003A7767 /* FirebaseStorageCombine-Community */,
			);
			productName = MediTracker;
			productReference = FD830ED02AE6D57300E3D2FC /* MediTracker.app */;
			productType = "com.apple.product-type.application";
		};
/* End PBXNativeTarget section */

/* Begin PBXProject section */
		FD830EC82AE6D57300E3D2FC /* Project object */ = {
			isa = PBXProject;
			attributes = {
				BuildIndependentTargetsInParallel = 1;
				LastSwiftUpdateCheck = 1510;
				LastUpgradeCheck = 1500;
				TargetAttributes = {
					FD6EC0D42B2DD0B8003D4B1D = {
						CreatedOnToolsVersion = 15.1;
						TestTargetID = FD830ECF2AE6D57300E3D2FC;
					};
					FD830ECF2AE6D57300E3D2FC = {
						CreatedOnToolsVersion = 15.0.1;
					};
				};
			};
			buildConfigurationList = FD830ECB2AE6D57300E3D2FC /* Build configuration list for PBXProject "MediTracker" */;
			compatibilityVersion = "Xcode 14.0";
			developmentRegion = en;
			hasScannedForEncodings = 0;
			knownRegions = (
				en,
				Base,
			);
			mainGroup = FD830EC72AE6D57300E3D2FC;
			packageReferences = (
				FDDB59142B078BD5003A7767 /* XCRemoteSwiftPackageReference "firebase-ios-sdk" */,
			);
			productRefGroup = FD830ED12AE6D57300E3D2FC /* Products */;
			projectDirPath = "";
			projectRoot = "";
			targets = (
				FD830ECF2AE6D57300E3D2FC /* MediTracker */,
				FD6EC0D42B2DD0B8003D4B1D /* MediTrackerTests */,
			);
		};
/* End PBXProject section */

/* Begin PBXResourcesBuildPhase section */
		FD6EC0D32B2DD0B8003D4B1D /* Resources */ = {
			isa = PBXResourcesBuildPhase;
			buildActionMask = 2147483647;
			files = (
			);
			runOnlyForDeploymentPostprocessing = 0;
		};
		FD830ECE2AE6D57300E3D2FC /* Resources */ = {
			isa = PBXResourcesBuildPhase;
			buildActionMask = 2147483647;
			files = (
				FD830EDB2AE6D57400E3D2FC /* Preview Assets.xcassets in Resources */,
				FD830ED82AE6D57400E3D2FC /* Assets.xcassets in Resources */,
				FDDB58D22B07808B003A7767 /* GoogleService-Info.plist in Resources */,
			);
			runOnlyForDeploymentPostprocessing = 0;
		};
/* End PBXResourcesBuildPhase section */

/* Begin PBXSourcesBuildPhase section */
		FD6EC0D12B2DD0B8003D4B1D /* Sources */ = {
			isa = PBXSourcesBuildPhase;
			buildActionMask = 2147483647;
			files = (
				FD6EC0D82B2DD0B8003D4B1D /* MediTrackerTests.swift in Sources */,
			);
			runOnlyForDeploymentPostprocessing = 0;
		};
		FD830ECC2AE6D57300E3D2FC /* Sources */ = {
			isa = PBXSourcesBuildPhase;
			buildActionMask = 2147483647;
			files = (
				FDA248EB2B138D7E0044C883 /* UserManagerKey.swift in Sources */,
				FDF2548D2B092C3600ADDAB4 /* UserManager.swift in Sources */,
				FD7725512AE83B10009D91FB /* RegisterView.swift in Sources */,
				FDE107C52AF7F0F800DD234B /* Medicine.swift in Sources */,
				FDCA6CBE2AFD53A000575E05 /* EditProfileView.swift in Sources */,
				FD7EC30F2AFFFFD6008F40AF /* ContentView.swift in Sources */,
				FD6EC0E22B2DD385003D4B1D /* MedDetailsView.swift in Sources */,
				FDE107C32AF7EA5200DD234B /* Profile.swift in Sources */,
				FDCA6CC02AFD5AE400575E05 /* EditLoginData.swift in Sources */,
				FDF2548A2B09005D00ADDAB4 /* LoginView.swift in Sources */,
				FD26BD272B29F9460003C5FC /* MedicationHistoryEntry.swift in Sources */,
				FDAA6D112B1CA7B20075D00E /* MedicationHistory.swift in Sources */,
				FD32FF252AF0184B00680755 /* MainView.swift in Sources */,
				FD830ED62AE6D57300E3D2FC /* WelcomeView.swift in Sources */,
				FD279C0D2AF2AD6A00B23AC4 /* SideMenu.swift in Sources */,
				FD279C0F2AF2B16A00B23AC4 /* MiniProfileView.swift in Sources */,
				FD830ED42AE6D57300E3D2FC /* MediTrackerApp.swift in Sources */,
				FDE107C92AF7F1D700DD234B /* MedicationList.swift in Sources */,
				FDB12BD22B18E72D00AAEAD7 /* AddProfileView.swift in Sources */,
				FD7EC3132B000CED008F40AF /* ActiveMeds.swift in Sources */,
				FD60F5F32B1BA06A009B6F34 /* AddMedicineView.swift in Sources */,
				FD570F252B38CFE70079BDCB /* SettingsView.swift in Sources */,
				FD873FB82B14F1AD00F39B43 /* ProfileManager.swift in Sources */,
				FD2169642AEBED2300FC613B /* MenuView.swift in Sources */,
				FDE107CB2AF7F2BB00DD234B /* Medication.swift in Sources */,
				FD7EC3162B000EC9008F40AF /* EditMedicine.swift in Sources */,
				FD15FE022B1A0EA400D8C259 /* EditUserView.swift in Sources */,
				FD7725542AE83CA2009D91FB /* Constants.swift in Sources */,
				FD8308832AFFEFD700939175 /* User.swift in Sources */,
				FD7EC3112B000C2D008F40AF /* Settings.swift in Sources */,
				FD279C122AF2B21C00B23AC4 /* MenuContent.swift in Sources */,
				FDE107C12AF7E8B700DD234B /* ProfileList.swift in Sources */,
				FD873FBA2B14F20900F39B43 /* Controller.swift in Sources */,
			);
			runOnlyForDeploymentPostprocessing = 0;
		};
/* End PBXSourcesBuildPhase section */

/* Begin PBXTargetDependency section */
		FD6EC0DA2B2DD0B8003D4B1D /* PBXTargetDependency */ = {
			isa = PBXTargetDependency;
			target = FD830ECF2AE6D57300E3D2FC /* MediTracker */;
			targetProxy = FD6EC0D92B2DD0B8003D4B1D /* PBXContainerItemProxy */;
		};
/* End PBXTargetDependency section */

/* Begin XCBuildConfiguration section */
		FD6EC0DB2B2DD0B8003D4B1D /* Debug */ = {
			isa = XCBuildConfiguration;
			buildSettings = {
				BUNDLE_LOADER = "$(TEST_HOST)";
				CODE_SIGN_STYLE = Automatic;
				CURRENT_PROJECT_VERSION = 1;
				DEVELOPMENT_TEAM = SJ95J5WL4Y;
				GENERATE_INFOPLIST_FILE = YES;
				IPHONEOS_DEPLOYMENT_TARGET = 17.0;
				MARKETING_VERSION = 1.0;
				PRODUCT_BUNDLE_IDENTIFIER = aprz.MediTrackerTests;
				PRODUCT_NAME = "$(TARGET_NAME)";
				SWIFT_EMIT_LOC_STRINGS = NO;
				SWIFT_VERSION = 5.0;
				TARGETED_DEVICE_FAMILY = "1,2";
				TEST_HOST = "$(BUILT_PRODUCTS_DIR)/MediTracker.app/$(BUNDLE_EXECUTABLE_FOLDER_PATH)/MediTracker";
			};
			name = Debug;
		};
		FD6EC0DC2B2DD0B8003D4B1D /* Release */ = {
			isa = XCBuildConfiguration;
			buildSettings = {
				BUNDLE_LOADER = "$(TEST_HOST)";
				CODE_SIGN_STYLE = Automatic;
				CURRENT_PROJECT_VERSION = 1;
				DEVELOPMENT_TEAM = SJ95J5WL4Y;
				GENERATE_INFOPLIST_FILE = YES;
				IPHONEOS_DEPLOYMENT_TARGET = 17.0;
				MARKETING_VERSION = 1.0;
				PRODUCT_BUNDLE_IDENTIFIER = aprz.MediTrackerTests;
				PRODUCT_NAME = "$(TARGET_NAME)";
				SWIFT_EMIT_LOC_STRINGS = NO;
				SWIFT_VERSION = 5.0;
				TARGETED_DEVICE_FAMILY = "1,2";
				TEST_HOST = "$(BUILT_PRODUCTS_DIR)/MediTracker.app/$(BUNDLE_EXECUTABLE_FOLDER_PATH)/MediTracker";
			};
			name = Release;
		};
		FD830EDC2AE6D57400E3D2FC /* Debug */ = {
			isa = XCBuildConfiguration;
			buildSettings = {
				ALWAYS_SEARCH_USER_PATHS = NO;
				ASSETCATALOG_COMPILER_GENERATE_SWIFT_ASSET_SYMBOL_EXTENSIONS = YES;
				CLANG_ANALYZER_NONNULL = YES;
				CLANG_ANALYZER_NUMBER_OBJECT_CONVERSION = YES_AGGRESSIVE;
				CLANG_CXX_LANGUAGE_STANDARD = "gnu++20";
				CLANG_ENABLE_MODULES = YES;
				CLANG_ENABLE_OBJC_ARC = YES;
				CLANG_ENABLE_OBJC_WEAK = YES;
				CLANG_WARN_BLOCK_CAPTURE_AUTORELEASING = YES;
				CLANG_WARN_BOOL_CONVERSION = YES;
				CLANG_WARN_COMMA = YES;
				CLANG_WARN_CONSTANT_CONVERSION = YES;
				CLANG_WARN_DEPRECATED_OBJC_IMPLEMENTATIONS = YES;
				CLANG_WARN_DIRECT_OBJC_ISA_USAGE = YES_ERROR;
				CLANG_WARN_DOCUMENTATION_COMMENTS = YES;
				CLANG_WARN_EMPTY_BODY = YES;
				CLANG_WARN_ENUM_CONVERSION = YES;
				CLANG_WARN_INFINITE_RECURSION = YES;
				CLANG_WARN_INT_CONVERSION = YES;
				CLANG_WARN_NON_LITERAL_NULL_CONVERSION = YES;
				CLANG_WARN_OBJC_IMPLICIT_RETAIN_SELF = YES;
				CLANG_WARN_OBJC_LITERAL_CONVERSION = YES;
				CLANG_WARN_OBJC_ROOT_CLASS = YES_ERROR;
				CLANG_WARN_QUOTED_INCLUDE_IN_FRAMEWORK_HEADER = YES;
				CLANG_WARN_RANGE_LOOP_ANALYSIS = YES;
				CLANG_WARN_STRICT_PROTOTYPES = YES;
				CLANG_WARN_SUSPICIOUS_MOVE = YES;
				CLANG_WARN_UNGUARDED_AVAILABILITY = YES_AGGRESSIVE;
				CLANG_WARN_UNREACHABLE_CODE = YES;
				CLANG_WARN__DUPLICATE_METHOD_MATCH = YES;
				COPY_PHASE_STRIP = NO;
				DEBUG_INFORMATION_FORMAT = dwarf;
				ENABLE_STRICT_OBJC_MSGSEND = YES;
				ENABLE_TESTABILITY = YES;
				ENABLE_USER_SCRIPT_SANDBOXING = YES;
				GCC_C_LANGUAGE_STANDARD = gnu17;
				GCC_DYNAMIC_NO_PIC = NO;
				GCC_NO_COMMON_BLOCKS = YES;
				GCC_OPTIMIZATION_LEVEL = 0;
				GCC_PREPROCESSOR_DEFINITIONS = (
					"DEBUG=1",
					"$(inherited)",
				);
				GCC_WARN_64_TO_32_BIT_CONVERSION = YES;
				GCC_WARN_ABOUT_RETURN_TYPE = YES_ERROR;
				GCC_WARN_UNDECLARED_SELECTOR = YES;
				GCC_WARN_UNINITIALIZED_AUTOS = YES_AGGRESSIVE;
				GCC_WARN_UNUSED_FUNCTION = YES;
				GCC_WARN_UNUSED_VARIABLE = YES;
				IPHONEOS_DEPLOYMENT_TARGET = 17.0;
				LOCALIZATION_PREFERS_STRING_CATALOGS = YES;
				MTL_ENABLE_DEBUG_INFO = INCLUDE_SOURCE;
				MTL_FAST_MATH = YES;
				ONLY_ACTIVE_ARCH = YES;
				SDKROOT = iphoneos;
				SWIFT_ACTIVE_COMPILATION_CONDITIONS = "DEBUG $(inherited)";
				SWIFT_OPTIMIZATION_LEVEL = "-Onone";
			};
			name = Debug;
		};
		FD830EDD2AE6D57400E3D2FC /* Release */ = {
			isa = XCBuildConfiguration;
			buildSettings = {
				ALWAYS_SEARCH_USER_PATHS = NO;
				ASSETCATALOG_COMPILER_GENERATE_SWIFT_ASSET_SYMBOL_EXTENSIONS = YES;
				CLANG_ANALYZER_NONNULL = YES;
				CLANG_ANALYZER_NUMBER_OBJECT_CONVERSION = YES_AGGRESSIVE;
				CLANG_CXX_LANGUAGE_STANDARD = "gnu++20";
				CLANG_ENABLE_MODULES = YES;
				CLANG_ENABLE_OBJC_ARC = YES;
				CLANG_ENABLE_OBJC_WEAK = YES;
				CLANG_WARN_BLOCK_CAPTURE_AUTORELEASING = YES;
				CLANG_WARN_BOOL_CONVERSION = YES;
				CLANG_WARN_COMMA = YES;
				CLANG_WARN_CONSTANT_CONVERSION = YES;
				CLANG_WARN_DEPRECATED_OBJC_IMPLEMENTATIONS = YES;
				CLANG_WARN_DIRECT_OBJC_ISA_USAGE = YES_ERROR;
				CLANG_WARN_DOCUMENTATION_COMMENTS = YES;
				CLANG_WARN_EMPTY_BODY = YES;
				CLANG_WARN_ENUM_CONVERSION = YES;
				CLANG_WARN_INFINITE_RECURSION = YES;
				CLANG_WARN_INT_CONVERSION = YES;
				CLANG_WARN_NON_LITERAL_NULL_CONVERSION = YES;
				CLANG_WARN_OBJC_IMPLICIT_RETAIN_SELF = YES;
				CLANG_WARN_OBJC_LITERAL_CONVERSION = YES;
				CLANG_WARN_OBJC_ROOT_CLASS = YES_ERROR;
				CLANG_WARN_QUOTED_INCLUDE_IN_FRAMEWORK_HEADER = YES;
				CLANG_WARN_RANGE_LOOP_ANALYSIS = YES;
				CLANG_WARN_STRICT_PROTOTYPES = YES;
				CLANG_WARN_SUSPICIOUS_MOVE = YES;
				CLANG_WARN_UNGUARDED_AVAILABILITY = YES_AGGRESSIVE;
				CLANG_WARN_UNREACHABLE_CODE = YES;
				CLANG_WARN__DUPLICATE_METHOD_MATCH = YES;
				COPY_PHASE_STRIP = NO;
				DEBUG_INFORMATION_FORMAT = "dwarf-with-dsym";
				ENABLE_NS_ASSERTIONS = NO;
				ENABLE_STRICT_OBJC_MSGSEND = YES;
				ENABLE_USER_SCRIPT_SANDBOXING = YES;
				GCC_C_LANGUAGE_STANDARD = gnu17;
				GCC_NO_COMMON_BLOCKS = YES;
				GCC_WARN_64_TO_32_BIT_CONVERSION = YES;
				GCC_WARN_ABOUT_RETURN_TYPE = YES_ERROR;
				GCC_WARN_UNDECLARED_SELECTOR = YES;
				GCC_WARN_UNINITIALIZED_AUTOS = YES_AGGRESSIVE;
				GCC_WARN_UNUSED_FUNCTION = YES;
				GCC_WARN_UNUSED_VARIABLE = YES;
				IPHONEOS_DEPLOYMENT_TARGET = 17.0;
				LOCALIZATION_PREFERS_STRING_CATALOGS = YES;
				MTL_ENABLE_DEBUG_INFO = NO;
				MTL_FAST_MATH = YES;
				SDKROOT = iphoneos;
				SWIFT_COMPILATION_MODE = wholemodule;
				VALIDATE_PRODUCT = YES;
			};
			name = Release;
		};
		FD830EDF2AE6D57400E3D2FC /* Debug */ = {
			isa = XCBuildConfiguration;
			buildSettings = {
				ASSETCATALOG_COMPILER_APPICON_NAME = AppIcon;
				ASSETCATALOG_COMPILER_GLOBAL_ACCENT_COLOR_NAME = AccentColor;
				CODE_SIGN_STYLE = Automatic;
				CURRENT_PROJECT_VERSION = 1;
				DEVELOPMENT_ASSET_PATHS = "\"MediTracker/Preview Content\"";
				DEVELOPMENT_TEAM = SJ95J5WL4Y;
				ENABLE_PREVIEWS = YES;
				GENERATE_INFOPLIST_FILE = YES;
				INFOPLIST_KEY_UIApplicationSceneManifest_Generation = YES;
				INFOPLIST_KEY_UIApplicationSupportsIndirectInputEvents = YES;
				INFOPLIST_KEY_UILaunchScreen_Generation = YES;
				INFOPLIST_KEY_UIStatusBarStyle = "";
				INFOPLIST_KEY_UISupportedInterfaceOrientations = UIInterfaceOrientationPortrait;
				IPHONEOS_DEPLOYMENT_TARGET = 17.0;
				LD_RUNPATH_SEARCH_PATHS = (
					"$(inherited)",
					"@executable_path/Frameworks",
				);
				MARKETING_VERSION = 1.0;
				PRODUCT_BUNDLE_IDENTIFIER = aprz.MediTracker;
				PRODUCT_NAME = "$(TARGET_NAME)";
				SWIFT_EMIT_LOC_STRINGS = YES;
				SWIFT_VERSION = 5.0;
				TARGETED_DEVICE_FAMILY = "1,2";
			};
			name = Debug;
		};
		FD830EE02AE6D57400E3D2FC /* Release */ = {
			isa = XCBuildConfiguration;
			buildSettings = {
				ASSETCATALOG_COMPILER_APPICON_NAME = AppIcon;
				ASSETCATALOG_COMPILER_GLOBAL_ACCENT_COLOR_NAME = AccentColor;
				CODE_SIGN_STYLE = Automatic;
				CURRENT_PROJECT_VERSION = 1;
				DEVELOPMENT_ASSET_PATHS = "\"MediTracker/Preview Content\"";
				DEVELOPMENT_TEAM = SJ95J5WL4Y;
				ENABLE_PREVIEWS = YES;
				GENERATE_INFOPLIST_FILE = YES;
				INFOPLIST_KEY_UIApplicationSceneManifest_Generation = YES;
				INFOPLIST_KEY_UIApplicationSupportsIndirectInputEvents = YES;
				INFOPLIST_KEY_UILaunchScreen_Generation = YES;
				INFOPLIST_KEY_UIStatusBarStyle = "";
				INFOPLIST_KEY_UISupportedInterfaceOrientations = UIInterfaceOrientationPortrait;
				IPHONEOS_DEPLOYMENT_TARGET = 17.0;
				LD_RUNPATH_SEARCH_PATHS = (
					"$(inherited)",
					"@executable_path/Frameworks",
				);
				MARKETING_VERSION = 1.0;
				PRODUCT_BUNDLE_IDENTIFIER = aprz.MediTracker;
				PRODUCT_NAME = "$(TARGET_NAME)";
				SWIFT_EMIT_LOC_STRINGS = YES;
				SWIFT_VERSION = 5.0;
				TARGETED_DEVICE_FAMILY = "1,2";
			};
			name = Release;
		};
/* End XCBuildConfiguration section */

/* Begin XCConfigurationList section */
		FD6EC0DD2B2DD0B8003D4B1D /* Build configuration list for PBXNativeTarget "MediTrackerTests" */ = {
			isa = XCConfigurationList;
			buildConfigurations = (
				FD6EC0DB2B2DD0B8003D4B1D /* Debug */,
				FD6EC0DC2B2DD0B8003D4B1D /* Release */,
			);
			defaultConfigurationIsVisible = 0;
			defaultConfigurationName = Release;
		};
		FD830ECB2AE6D57300E3D2FC /* Build configuration list for PBXProject "MediTracker" */ = {
			isa = XCConfigurationList;
			buildConfigurations = (
				FD830EDC2AE6D57400E3D2FC /* Debug */,
				FD830EDD2AE6D57400E3D2FC /* Release */,
			);
			defaultConfigurationIsVisible = 0;
			defaultConfigurationName = Release;
		};
		FD830EDE2AE6D57400E3D2FC /* Build configuration list for PBXNativeTarget "MediTracker" */ = {
			isa = XCConfigurationList;
			buildConfigurations = (
				FD830EDF2AE6D57400E3D2FC /* Debug */,
				FD830EE02AE6D57400E3D2FC /* Release */,
			);
			defaultConfigurationIsVisible = 0;
			defaultConfigurationName = Release;
		};
/* End XCConfigurationList section */

/* Begin XCRemoteSwiftPackageReference section */
		FDDB59142B078BD5003A7767 /* XCRemoteSwiftPackageReference "firebase-ios-sdk" */ = {
			isa = XCRemoteSwiftPackageReference;
			repositoryURL = "https://github.com/firebase/firebase-ios-sdk";
			requirement = {
				kind = upToNextMajorVersion;
				minimumVersion = 10.18.0;
			};
		};
/* End XCRemoteSwiftPackageReference section */

/* Begin XCSwiftPackageProductDependency section */
		FDDB59152B078BD5003A7767 /* FirebaseAuth */ = {
			isa = XCSwiftPackageProductDependency;
			package = FDDB59142B078BD5003A7767 /* XCRemoteSwiftPackageReference "firebase-ios-sdk" */;
			productName = FirebaseAuth;
		};
		FDDB59172B078BD5003A7767 /* FirebaseAuthCombine-Community */ = {
			isa = XCSwiftPackageProductDependency;
			package = FDDB59142B078BD5003A7767 /* XCRemoteSwiftPackageReference "firebase-ios-sdk" */;
			productName = "FirebaseAuthCombine-Community";
		};
		FDDB59192B078BD5003A7767 /* FirebaseDatabase */ = {
			isa = XCSwiftPackageProductDependency;
			package = FDDB59142B078BD5003A7767 /* XCRemoteSwiftPackageReference "firebase-ios-sdk" */;
			productName = FirebaseDatabase;
		};
		FDDB591B2B078BD5003A7767 /* FirebaseDatabaseSwift */ = {
			isa = XCSwiftPackageProductDependency;
			package = FDDB59142B078BD5003A7767 /* XCRemoteSwiftPackageReference "firebase-ios-sdk" */;
			productName = FirebaseDatabaseSwift;
		};
		FDDB591D2B078BD5003A7767 /* FirebaseDynamicLinks */ = {
			isa = XCSwiftPackageProductDependency;
			package = FDDB59142B078BD5003A7767 /* XCRemoteSwiftPackageReference "firebase-ios-sdk" */;
			productName = FirebaseDynamicLinks;
		};
		FDDB591F2B078BD5003A7767 /* FirebaseFirestore */ = {
			isa = XCSwiftPackageProductDependency;
			package = FDDB59142B078BD5003A7767 /* XCRemoteSwiftPackageReference "firebase-ios-sdk" */;
			productName = FirebaseFirestore;
		};
		FDDB59212B078BD5003A7767 /* FirebaseFirestoreCombine-Community */ = {
			isa = XCSwiftPackageProductDependency;
			package = FDDB59142B078BD5003A7767 /* XCRemoteSwiftPackageReference "firebase-ios-sdk" */;
			productName = "FirebaseFirestoreCombine-Community";
		};
		FDDB59232B078BD5003A7767 /* FirebaseFirestoreSwift */ = {
			isa = XCSwiftPackageProductDependency;
			package = FDDB59142B078BD5003A7767 /* XCRemoteSwiftPackageReference "firebase-ios-sdk" */;
			productName = FirebaseFirestoreSwift;
		};
		FDDB59252B078BD5003A7767 /* FirebaseFunctions */ = {
			isa = XCSwiftPackageProductDependency;
			package = FDDB59142B078BD5003A7767 /* XCRemoteSwiftPackageReference "firebase-ios-sdk" */;
			productName = FirebaseFunctions;
		};
		FDDB59272B078BD5003A7767 /* FirebaseFunctionsCombine-Community */ = {
			isa = XCSwiftPackageProductDependency;
			package = FDDB59142B078BD5003A7767 /* XCRemoteSwiftPackageReference "firebase-ios-sdk" */;
			productName = "FirebaseFunctionsCombine-Community";
		};
		FDDB59292B078BD5003A7767 /* FirebaseInAppMessaging-Beta */ = {
			isa = XCSwiftPackageProductDependency;
			package = FDDB59142B078BD5003A7767 /* XCRemoteSwiftPackageReference "firebase-ios-sdk" */;
			productName = "FirebaseInAppMessaging-Beta";
		};
		FDDB592B2B078BD5003A7767 /* FirebaseInAppMessagingSwift-Beta */ = {
			isa = XCSwiftPackageProductDependency;
			package = FDDB59142B078BD5003A7767 /* XCRemoteSwiftPackageReference "firebase-ios-sdk" */;
			productName = "FirebaseInAppMessagingSwift-Beta";
		};
		FDDB592D2B078BD5003A7767 /* FirebaseInstallations */ = {
			isa = XCSwiftPackageProductDependency;
			package = FDDB59142B078BD5003A7767 /* XCRemoteSwiftPackageReference "firebase-ios-sdk" */;
			productName = FirebaseInstallations;
		};
		FDDB592F2B078BD5003A7767 /* FirebaseMLModelDownloader */ = {
			isa = XCSwiftPackageProductDependency;
			package = FDDB59142B078BD5003A7767 /* XCRemoteSwiftPackageReference "firebase-ios-sdk" */;
			productName = FirebaseMLModelDownloader;
		};
		FDDB59312B078BD5003A7767 /* FirebaseMessaging */ = {
			isa = XCSwiftPackageProductDependency;
			package = FDDB59142B078BD5003A7767 /* XCRemoteSwiftPackageReference "firebase-ios-sdk" */;
			productName = FirebaseMessaging;
		};
		FDDB59332B078BD5003A7767 /* FirebasePerformance */ = {
			isa = XCSwiftPackageProductDependency;
			package = FDDB59142B078BD5003A7767 /* XCRemoteSwiftPackageReference "firebase-ios-sdk" */;
			productName = FirebasePerformance;
		};
		FDDB59352B078BD5003A7767 /* FirebaseRemoteConfig */ = {
			isa = XCSwiftPackageProductDependency;
			package = FDDB59142B078BD5003A7767 /* XCRemoteSwiftPackageReference "firebase-ios-sdk" */;
			productName = FirebaseRemoteConfig;
		};
		FDDB59372B078BD5003A7767 /* FirebaseRemoteConfigSwift */ = {
			isa = XCSwiftPackageProductDependency;
			package = FDDB59142B078BD5003A7767 /* XCRemoteSwiftPackageReference "firebase-ios-sdk" */;
			productName = FirebaseRemoteConfigSwift;
		};
		FDDB59392B078BD5003A7767 /* FirebaseStorage */ = {
			isa = XCSwiftPackageProductDependency;
			package = FDDB59142B078BD5003A7767 /* XCRemoteSwiftPackageReference "firebase-ios-sdk" */;
			productName = FirebaseStorage;
		};
		FDDB593B2B078BD5003A7767 /* FirebaseStorageCombine-Community */ = {
			isa = XCSwiftPackageProductDependency;
			package = FDDB59142B078BD5003A7767 /* XCRemoteSwiftPackageReference "firebase-ios-sdk" */;
			productName = "FirebaseStorageCombine-Community";
		};
/* End XCSwiftPackageProductDependency section */
	};
	rootObject = FD830EC82AE6D57300E3D2FC /* Project object */;
}
